// !$*UTF8*$!
{
	archiveVersion = 1;
	classes = {
	};
	objectVersion = 52;
	objects = {

/* Begin PBXBuildFile section */
		758264C1B096D2BB03FE10D7 /* Pods_TKMaterialCalendar.framework in Frameworks */ = {isa = PBXBuildFile; fileRef = 19E3EBFF1CA823DA440B9117 /* Pods_TKMaterialCalendar.framework */; };
		C3692189E9AA51C0A18E1630 /* Pods_TKMaterialCalendarTests.framework in Frameworks */ = {isa = PBXBuildFile; fileRef = D3A139A5E969A3D82899053B /* Pods_TKMaterialCalendarTests.framework */; };
		D447750E3FF5C8F87FDF2FA6 /* Pods_TKMaterialCalendar_TKMaterialCalendarUITests.framework in Frameworks */ = {isa = PBXBuildFile; fileRef = 615B315111F6342D5145863A /* Pods_TKMaterialCalendar_TKMaterialCalendarUITests.framework */; };
		DA1F1922266B46200039A1B7 /* DateUtilsTests.swift in Sources */ = {isa = PBXBuildFile; fileRef = DA1F1921266B46200039A1B7 /* DateUtilsTests.swift */; };
		DA4ADCE12668D56B00608024 /* MonthViewViewModel.swift in Sources */ = {isa = PBXBuildFile; fileRef = DA4ADCE02668D56B00608024 /* MonthViewViewModel.swift */; };
		DA4ADCE32668D67800608024 /* MonthCalendarView.swift in Sources */ = {isa = PBXBuildFile; fileRef = DA4ADCE22668D67800608024 /* MonthCalendarView.swift */; };
		DA4ADCE52668D68D00608024 /* MonthEventView.swift in Sources */ = {isa = PBXBuildFile; fileRef = DA4ADCE42668D68D00608024 /* MonthEventView.swift */; };
		DA4ADCE72668D69F00608024 /* Event.swift in Sources */ = {isa = PBXBuildFile; fileRef = DA4ADCE62668D69F00608024 /* Event.swift */; };
		DA4ADCE92668D6B400608024 /* MonthEventViewState.swift in Sources */ = {isa = PBXBuildFile; fileRef = DA4ADCE82668D6B400608024 /* MonthEventViewState.swift */; };
		DA4ADCED2668E08000608024 /* CalendarEntity.swift in Sources */ = {isa = PBXBuildFile; fileRef = DA4ADCEC2668E08000608024 /* CalendarEntity.swift */; };
		DA4ADCEF2668E33500608024 /* ColorDefinition.swift in Sources */ = {isa = PBXBuildFile; fileRef = DA4ADCEE2668E33500608024 /* ColorDefinition.swift */; };
		DA4ADCF12668E34D00608024 /* Realm.xcframework in Frameworks */ = {isa = PBXBuildFile; fileRef = DA4ADCF02668E34D00608024 /* Realm.xcframework */; };
		DA4ADCF52668E35C00608024 /* RealmSwift.xcframework in Frameworks */ = {isa = PBXBuildFile; fileRef = DA4ADCF42668E35C00608024 /* RealmSwift.xcframework */; };
		DA7F9EAE2667330B001E1B22 /* AppDelegate.swift in Sources */ = {isa = PBXBuildFile; fileRef = DA7F9EAD2667330B001E1B22 /* AppDelegate.swift */; };
		DA7F9EB02667330B001E1B22 /* SceneDelegate.swift in Sources */ = {isa = PBXBuildFile; fileRef = DA7F9EAF2667330B001E1B22 /* SceneDelegate.swift */; };
		DA7F9EB22667330B001E1B22 /* ViewController.swift in Sources */ = {isa = PBXBuildFile; fileRef = DA7F9EB12667330B001E1B22 /* ViewController.swift */; };
		DA7F9EB72667330C001E1B22 /* Assets.xcassets in Resources */ = {isa = PBXBuildFile; fileRef = DA7F9EB62667330C001E1B22 /* Assets.xcassets */; };
		DA7F9EBA2667330C001E1B22 /* LaunchScreen.storyboard in Resources */ = {isa = PBXBuildFile; fileRef = DA7F9EB82667330C001E1B22 /* LaunchScreen.storyboard */; };
		DA7F9ED02667330C001E1B22 /* TKMaterialCalendarUITests.swift in Sources */ = {isa = PBXBuildFile; fileRef = DA7F9ECF2667330C001E1B22 /* TKMaterialCalendarUITests.swift */; };
		DA8FEA222667539100BFED0B /* Moya in Frameworks */ = {isa = PBXBuildFile; productRef = DA8FEA212667539100BFED0B /* Moya */; };
		DA8FEA242667539100BFED0B /* CombineMoya in Frameworks */ = {isa = PBXBuildFile; productRef = DA8FEA232667539100BFED0B /* CombineMoya */; };
		DA8FEA27266753B500BFED0B /* Swinject in Frameworks */ = {isa = PBXBuildFile; productRef = DA8FEA26266753B500BFED0B /* Swinject */; };
		DA8FEA2A266753CD00BFED0B /* SwinjectAutoregistration in Frameworks */ = {isa = PBXBuildFile; productRef = DA8FEA29266753CD00BFED0B /* SwinjectAutoregistration */; };
		DA8FEA2D266753E200BFED0B /* KeychainAccess in Frameworks */ = {isa = PBXBuildFile; productRef = DA8FEA2C266753E200BFED0B /* KeychainAccess */; };
		DA8FEA332667556200BFED0B /* R.generated.swift in Sources */ = {isa = PBXBuildFile; fileRef = DA8FEA322667556200BFED0B /* R.generated.swift */; };
		DA8FEA3F2667674000BFED0B /* MaterialScheme.swift in Sources */ = {isa = PBXBuildFile; fileRef = DA8FEA3E2667674000BFED0B /* MaterialScheme.swift */; };
		DA8FEA432667697000BFED0B /* Rswift+Extensions.swift in Sources */ = {isa = PBXBuildFile; fileRef = DA8FEA422667697000BFED0B /* Rswift+Extensions.swift */; };
		DA8FEA4526676E8900BFED0B /* Splash.storyboard in Resources */ = {isa = PBXBuildFile; fileRef = DA8FEA4426676E8900BFED0B /* Splash.storyboard */; };
		DA8FEA4826676F4C00BFED0B /* Localizable.strings in Resources */ = {isa = PBXBuildFile; fileRef = DA8FEA4A26676F4C00BFED0B /* Localizable.strings */; };
		DA8FEA4D26676FB000BFED0B /* RootViewController.swift in Sources */ = {isa = PBXBuildFile; fileRef = DA8FEA4C26676FB000BFED0B /* RootViewController.swift */; };
		DA8FEA4F26676FEE00BFED0B /* RootNavigator.swift in Sources */ = {isa = PBXBuildFile; fileRef = DA8FEA4E26676FEE00BFED0B /* RootNavigator.swift */; };
		DA8FEA522667703800BFED0B /* DI.swift in Sources */ = {isa = PBXBuildFile; fileRef = DA8FEA512667703800BFED0B /* DI.swift */; };
		DA8FEA542667708800BFED0B /* DrawerContainerController.swift in Sources */ = {isa = PBXBuildFile; fileRef = DA8FEA532667708800BFED0B /* DrawerContainerController.swift */; };
		DA8FEA56266770A400BFED0B /* DrawerContentViewController.swift in Sources */ = {isa = PBXBuildFile; fileRef = DA8FEA55266770A400BFED0B /* DrawerContentViewController.swift */; };
		DA8FEA58266770C300BFED0B /* SplashViewController.swift in Sources */ = {isa = PBXBuildFile; fileRef = DA8FEA57266770C300BFED0B /* SplashViewController.swift */; };
		DA8FEA5E26677A6000BFED0B /* SplashViewModel.swift in Sources */ = {isa = PBXBuildFile; fileRef = DA8FEA5D26677A6000BFED0B /* SplashViewModel.swift */; };
		DA8FEA6026677BEF00BFED0B /* GoogleService-Info.plist in Resources */ = {isa = PBXBuildFile; fileRef = DA8FEA5F26677BEF00BFED0B /* GoogleService-Info.plist */; };
		DA8FEA6226678F3800BFED0B /* Logger.swift in Sources */ = {isa = PBXBuildFile; fileRef = DA8FEA6126678F3800BFED0B /* Logger.swift */; };
		DAC6D1DA2668AF6C003CA947 /* CalendarViewController.swift in Sources */ = {isa = PBXBuildFile; fileRef = DAC6D1D92668AF6C003CA947 /* CalendarViewController.swift */; };
		DAC6D1DC2668AF7A003CA947 /* EventViewController.swift in Sources */ = {isa = PBXBuildFile; fileRef = DAC6D1DB2668AF7A003CA947 /* EventViewController.swift */; };
		DAC6D1DE2668B0A5003CA947 /* MonthViewController.swift in Sources */ = {isa = PBXBuildFile; fileRef = DAC6D1DD2668B0A5003CA947 /* MonthViewController.swift */; };
		DAC6D1E02668B115003CA947 /* DateUtils.swift in Sources */ = {isa = PBXBuildFile; fileRef = DAC6D1DF2668B115003CA947 /* DateUtils.swift */; };
		DAC6D1E32668B786003CA947 /* RootNavigatorMock.swift in Sources */ = {isa = PBXBuildFile; fileRef = DAC6D1E22668B786003CA947 /* RootNavigatorMock.swift */; };
		DAC6D1E52668BA1F003CA947 /* DrawerContentViewModel.swift in Sources */ = {isa = PBXBuildFile; fileRef = DAC6D1E42668BA1F003CA947 /* DrawerContentViewModel.swift */; };
		DAC6D1E72668BA78003CA947 /* DrawerCalendarTableViewCell.swift in Sources */ = {isa = PBXBuildFile; fileRef = DAC6D1E62668BA78003CA947 /* DrawerCalendarTableViewCell.swift */; };
		DAC6D1E92668C547003CA947 /* DrawerContentViewModelMock.swift in Sources */ = {isa = PBXBuildFile; fileRef = DAC6D1E82668C547003CA947 /* DrawerContentViewModelMock.swift */; };
		DAECE427266A069200E9E1CA /* MonthViewRepository.swift in Sources */ = {isa = PBXBuildFile; fileRef = DAECE426266A069200E9E1CA /* MonthViewRepository.swift */; };
/* End PBXBuildFile section */

/* Begin PBXContainerItemProxy section */
		DA7F9EC12667330C001E1B22 /* PBXContainerItemProxy */ = {
			isa = PBXContainerItemProxy;
			containerPortal = DA7F9EA22667330B001E1B22 /* Project object */;
			proxyType = 1;
			remoteGlobalIDString = DA7F9EA92667330B001E1B22;
			remoteInfo = TKMaterialCalendar;
		};
		DA7F9ECC2667330C001E1B22 /* PBXContainerItemProxy */ = {
			isa = PBXContainerItemProxy;
			containerPortal = DA7F9EA22667330B001E1B22 /* Project object */;
			proxyType = 1;
			remoteGlobalIDString = DA7F9EA92667330B001E1B22;
			remoteInfo = TKMaterialCalendar;
		};
/* End PBXContainerItemProxy section */

/* Begin PBXFileReference section */
		00C26718E2D67780487F9719 /* Pods-TKMaterialCalendar-TKMaterialCalendarUITests.release.xcconfig */ = {isa = PBXFileReference; includeInIndex = 1; lastKnownFileType = text.xcconfig; name = "Pods-TKMaterialCalendar-TKMaterialCalendarUITests.release.xcconfig"; path = "Target Support Files/Pods-TKMaterialCalendar-TKMaterialCalendarUITests/Pods-TKMaterialCalendar-TKMaterialCalendarUITests.release.xcconfig"; sourceTree = "<group>"; };
		19E3EBFF1CA823DA440B9117 /* Pods_TKMaterialCalendar.framework */ = {isa = PBXFileReference; explicitFileType = wrapper.framework; includeInIndex = 0; path = Pods_TKMaterialCalendar.framework; sourceTree = BUILT_PRODUCTS_DIR; };
		23FFA0D6C957447CB5DED220 /* Pods-TKMaterialCalendarTests.debug.xcconfig */ = {isa = PBXFileReference; includeInIndex = 1; lastKnownFileType = text.xcconfig; name = "Pods-TKMaterialCalendarTests.debug.xcconfig"; path = "Target Support Files/Pods-TKMaterialCalendarTests/Pods-TKMaterialCalendarTests.debug.xcconfig"; sourceTree = "<group>"; };
		615B315111F6342D5145863A /* Pods_TKMaterialCalendar_TKMaterialCalendarUITests.framework */ = {isa = PBXFileReference; explicitFileType = wrapper.framework; includeInIndex = 0; path = Pods_TKMaterialCalendar_TKMaterialCalendarUITests.framework; sourceTree = BUILT_PRODUCTS_DIR; };
		B8F065654EE93B6509F4320B /* Pods-TKMaterialCalendar.release.xcconfig */ = {isa = PBXFileReference; includeInIndex = 1; lastKnownFileType = text.xcconfig; name = "Pods-TKMaterialCalendar.release.xcconfig"; path = "Target Support Files/Pods-TKMaterialCalendar/Pods-TKMaterialCalendar.release.xcconfig"; sourceTree = "<group>"; };
		CCB3031B5729317350A60CE4 /* Pods-TKMaterialCalendarTests.release.xcconfig */ = {isa = PBXFileReference; includeInIndex = 1; lastKnownFileType = text.xcconfig; name = "Pods-TKMaterialCalendarTests.release.xcconfig"; path = "Target Support Files/Pods-TKMaterialCalendarTests/Pods-TKMaterialCalendarTests.release.xcconfig"; sourceTree = "<group>"; };
		D3A139A5E969A3D82899053B /* Pods_TKMaterialCalendarTests.framework */ = {isa = PBXFileReference; explicitFileType = wrapper.framework; includeInIndex = 0; path = Pods_TKMaterialCalendarTests.framework; sourceTree = BUILT_PRODUCTS_DIR; };
		DA1F1921266B46200039A1B7 /* DateUtilsTests.swift */ = {isa = PBXFileReference; lastKnownFileType = sourcecode.swift; path = DateUtilsTests.swift; sourceTree = "<group>"; };
		DA4ADCE02668D56B00608024 /* MonthViewViewModel.swift */ = {isa = PBXFileReference; lastKnownFileType = sourcecode.swift; path = MonthViewViewModel.swift; sourceTree = "<group>"; };
		DA4ADCE22668D67800608024 /* MonthCalendarView.swift */ = {isa = PBXFileReference; lastKnownFileType = sourcecode.swift; path = MonthCalendarView.swift; sourceTree = "<group>"; };
		DA4ADCE42668D68D00608024 /* MonthEventView.swift */ = {isa = PBXFileReference; lastKnownFileType = sourcecode.swift; path = MonthEventView.swift; sourceTree = "<group>"; };
		DA4ADCE62668D69F00608024 /* Event.swift */ = {isa = PBXFileReference; lastKnownFileType = sourcecode.swift; path = Event.swift; sourceTree = "<group>"; };
		DA4ADCE82668D6B400608024 /* MonthEventViewState.swift */ = {isa = PBXFileReference; lastKnownFileType = sourcecode.swift; path = MonthEventViewState.swift; sourceTree = "<group>"; };
		DA4ADCEC2668E08000608024 /* CalendarEntity.swift */ = {isa = PBXFileReference; lastKnownFileType = sourcecode.swift; path = CalendarEntity.swift; sourceTree = "<group>"; };
		DA4ADCEE2668E33500608024 /* ColorDefinition.swift */ = {isa = PBXFileReference; lastKnownFileType = sourcecode.swift; path = ColorDefinition.swift; sourceTree = "<group>"; };
		DA4ADCF02668E34D00608024 /* Realm.xcframework */ = {isa = PBXFileReference; lastKnownFileType = wrapper.xcframework; name = Realm.xcframework; path = Carthage/Build/Realm.xcframework; sourceTree = "<group>"; };
		DA4ADCF42668E35C00608024 /* RealmSwift.xcframework */ = {isa = PBXFileReference; lastKnownFileType = wrapper.xcframework; name = RealmSwift.xcframework; path = Carthage/Build/RealmSwift.xcframework; sourceTree = "<group>"; };
		DA7F9EAA2667330B001E1B22 /* TKMaterialCalendar.app */ = {isa = PBXFileReference; explicitFileType = wrapper.application; includeInIndex = 0; path = TKMaterialCalendar.app; sourceTree = BUILT_PRODUCTS_DIR; };
		DA7F9EAD2667330B001E1B22 /* AppDelegate.swift */ = {isa = PBXFileReference; lastKnownFileType = sourcecode.swift; path = AppDelegate.swift; sourceTree = "<group>"; };
		DA7F9EAF2667330B001E1B22 /* SceneDelegate.swift */ = {isa = PBXFileReference; lastKnownFileType = sourcecode.swift; path = SceneDelegate.swift; sourceTree = "<group>"; };
		DA7F9EB12667330B001E1B22 /* ViewController.swift */ = {isa = PBXFileReference; lastKnownFileType = sourcecode.swift; path = ViewController.swift; sourceTree = "<group>"; };
		DA7F9EB62667330C001E1B22 /* Assets.xcassets */ = {isa = PBXFileReference; lastKnownFileType = folder.assetcatalog; path = Assets.xcassets; sourceTree = "<group>"; };
		DA7F9EB92667330C001E1B22 /* Base */ = {isa = PBXFileReference; lastKnownFileType = file.storyboard; name = Base; path = Base.lproj/LaunchScreen.storyboard; sourceTree = "<group>"; };
		DA7F9EBB2667330C001E1B22 /* Info.plist */ = {isa = PBXFileReference; lastKnownFileType = text.plist.xml; path = Info.plist; sourceTree = "<group>"; };
		DA7F9EC02667330C001E1B22 /* TKMaterialCalendarTests.xctest */ = {isa = PBXFileReference; explicitFileType = wrapper.cfbundle; includeInIndex = 0; path = TKMaterialCalendarTests.xctest; sourceTree = BUILT_PRODUCTS_DIR; };
		DA7F9EC62667330C001E1B22 /* Info.plist */ = {isa = PBXFileReference; lastKnownFileType = text.plist.xml; path = Info.plist; sourceTree = "<group>"; };
		DA7F9ECB2667330C001E1B22 /* TKMaterialCalendarUITests.xctest */ = {isa = PBXFileReference; explicitFileType = wrapper.cfbundle; includeInIndex = 0; path = TKMaterialCalendarUITests.xctest; sourceTree = BUILT_PRODUCTS_DIR; };
		DA7F9ECF2667330C001E1B22 /* TKMaterialCalendarUITests.swift */ = {isa = PBXFileReference; lastKnownFileType = sourcecode.swift; path = TKMaterialCalendarUITests.swift; sourceTree = "<group>"; };
		DA7F9ED12667330C001E1B22 /* Info.plist */ = {isa = PBXFileReference; lastKnownFileType = text.plist.xml; path = Info.plist; sourceTree = "<group>"; };
		DA8FEA322667556200BFED0B /* R.generated.swift */ = {isa = PBXFileReference; fileEncoding = 4; lastKnownFileType = sourcecode.swift; name = R.generated.swift; path = Generated/R.generated.swift; sourceTree = SOURCE_ROOT; };
		DA8FEA342667567300BFED0B /* TKMaterialCalendarTests.xctestplan */ = {isa = PBXFileReference; lastKnownFileType = text; path = TKMaterialCalendarTests.xctestplan; sourceTree = "<group>"; };
		DA8FEA352667569500BFED0B /* TKMaterialCalendarUITests.xctestplan */ = {isa = PBXFileReference; lastKnownFileType = text; path = TKMaterialCalendarUITests.xctestplan; sourceTree = "<group>"; };
		DA8FEA3D266757EA00BFED0B /* TKMaterialCalendar.entitlements */ = {isa = PBXFileReference; lastKnownFileType = text.plist.entitlements; path = TKMaterialCalendar.entitlements; sourceTree = "<group>"; };
		DA8FEA3E2667674000BFED0B /* MaterialScheme.swift */ = {isa = PBXFileReference; lastKnownFileType = sourcecode.swift; path = MaterialScheme.swift; sourceTree = "<group>"; };
		DA8FEA422667697000BFED0B /* Rswift+Extensions.swift */ = {isa = PBXFileReference; lastKnownFileType = sourcecode.swift; path = "Rswift+Extensions.swift"; sourceTree = "<group>"; };
		DA8FEA4426676E8900BFED0B /* Splash.storyboard */ = {isa = PBXFileReference; lastKnownFileType = file.storyboard; path = Splash.storyboard; sourceTree = "<group>"; };
		DA8FEA4926676F4C00BFED0B /* en */ = {isa = PBXFileReference; lastKnownFileType = text.plist.strings; name = en; path = en.lproj/Localizable.strings; sourceTree = "<group>"; };
		DA8FEA4B26676F6500BFED0B /* ja */ = {isa = PBXFileReference; lastKnownFileType = text.plist.strings; name = ja; path = ja.lproj/Localizable.strings; sourceTree = "<group>"; };
		DA8FEA4C26676FB000BFED0B /* RootViewController.swift */ = {isa = PBXFileReference; lastKnownFileType = sourcecode.swift; path = RootViewController.swift; sourceTree = "<group>"; };
		DA8FEA4E26676FEE00BFED0B /* RootNavigator.swift */ = {isa = PBXFileReference; lastKnownFileType = sourcecode.swift; path = RootNavigator.swift; sourceTree = "<group>"; };
		DA8FEA512667703800BFED0B /* DI.swift */ = {isa = PBXFileReference; lastKnownFileType = sourcecode.swift; path = DI.swift; sourceTree = "<group>"; };
		DA8FEA532667708800BFED0B /* DrawerContainerController.swift */ = {isa = PBXFileReference; lastKnownFileType = sourcecode.swift; path = DrawerContainerController.swift; sourceTree = "<group>"; };
		DA8FEA55266770A400BFED0B /* DrawerContentViewController.swift */ = {isa = PBXFileReference; lastKnownFileType = sourcecode.swift; path = DrawerContentViewController.swift; sourceTree = "<group>"; };
		DA8FEA57266770C300BFED0B /* SplashViewController.swift */ = {isa = PBXFileReference; lastKnownFileType = sourcecode.swift; path = SplashViewController.swift; sourceTree = "<group>"; };
		DA8FEA5D26677A6000BFED0B /* SplashViewModel.swift */ = {isa = PBXFileReference; lastKnownFileType = sourcecode.swift; path = SplashViewModel.swift; sourceTree = "<group>"; };
		DA8FEA5F26677BEF00BFED0B /* GoogleService-Info.plist */ = {isa = PBXFileReference; fileEncoding = 4; lastKnownFileType = text.plist.xml; path = "GoogleService-Info.plist"; sourceTree = "<group>"; };
		DA8FEA6126678F3800BFED0B /* Logger.swift */ = {isa = PBXFileReference; lastKnownFileType = sourcecode.swift; path = Logger.swift; sourceTree = "<group>"; };
		DAC6D1D92668AF6C003CA947 /* CalendarViewController.swift */ = {isa = PBXFileReference; lastKnownFileType = sourcecode.swift; path = CalendarViewController.swift; sourceTree = "<group>"; };
		DAC6D1DB2668AF7A003CA947 /* EventViewController.swift */ = {isa = PBXFileReference; lastKnownFileType = sourcecode.swift; path = EventViewController.swift; sourceTree = "<group>"; };
		DAC6D1DD2668B0A5003CA947 /* MonthViewController.swift */ = {isa = PBXFileReference; lastKnownFileType = sourcecode.swift; path = MonthViewController.swift; sourceTree = "<group>"; };
		DAC6D1DF2668B115003CA947 /* DateUtils.swift */ = {isa = PBXFileReference; lastKnownFileType = sourcecode.swift; path = DateUtils.swift; sourceTree = "<group>"; };
		DAC6D1E22668B786003CA947 /* RootNavigatorMock.swift */ = {isa = PBXFileReference; lastKnownFileType = sourcecode.swift; path = RootNavigatorMock.swift; sourceTree = "<group>"; };
		DAC6D1E42668BA1F003CA947 /* DrawerContentViewModel.swift */ = {isa = PBXFileReference; lastKnownFileType = sourcecode.swift; path = DrawerContentViewModel.swift; sourceTree = "<group>"; };
		DAC6D1E62668BA78003CA947 /* DrawerCalendarTableViewCell.swift */ = {isa = PBXFileReference; lastKnownFileType = sourcecode.swift; path = DrawerCalendarTableViewCell.swift; sourceTree = "<group>"; };
		DAC6D1E82668C547003CA947 /* DrawerContentViewModelMock.swift */ = {isa = PBXFileReference; lastKnownFileType = sourcecode.swift; path = DrawerContentViewModelMock.swift; sourceTree = "<group>"; };
		DAECE426266A069200E9E1CA /* MonthViewRepository.swift */ = {isa = PBXFileReference; lastKnownFileType = sourcecode.swift; path = MonthViewRepository.swift; sourceTree = "<group>"; };
		DD462CB7F13795FEB9A42371 /* Pods-TKMaterialCalendar.debug.xcconfig */ = {isa = PBXFileReference; includeInIndex = 1; lastKnownFileType = text.xcconfig; name = "Pods-TKMaterialCalendar.debug.xcconfig"; path = "Target Support Files/Pods-TKMaterialCalendar/Pods-TKMaterialCalendar.debug.xcconfig"; sourceTree = "<group>"; };
		E2547E4A24A824DC99D3F1D8 /* Pods-TKMaterialCalendar-TKMaterialCalendarUITests.debug.xcconfig */ = {isa = PBXFileReference; includeInIndex = 1; lastKnownFileType = text.xcconfig; name = "Pods-TKMaterialCalendar-TKMaterialCalendarUITests.debug.xcconfig"; path = "Target Support Files/Pods-TKMaterialCalendar-TKMaterialCalendarUITests/Pods-TKMaterialCalendar-TKMaterialCalendarUITests.debug.xcconfig"; sourceTree = "<group>"; };
/* End PBXFileReference section */

/* Begin PBXFrameworksBuildPhase section */
		DA7F9EA72667330B001E1B22 /* Frameworks */ = {
			isa = PBXFrameworksBuildPhase;
			buildActionMask = 2147483647;
			files = (
				DA8FEA222667539100BFED0B /* Moya in Frameworks */,
				758264C1B096D2BB03FE10D7 /* Pods_TKMaterialCalendar.framework in Frameworks */,
				DA8FEA2D266753E200BFED0B /* KeychainAccess in Frameworks */,
				DA4ADCF52668E35C00608024 /* RealmSwift.xcframework in Frameworks */,
				DA8FEA2A266753CD00BFED0B /* SwinjectAutoregistration in Frameworks */,
				DA4ADCF12668E34D00608024 /* Realm.xcframework in Frameworks */,
				DA8FEA242667539100BFED0B /* CombineMoya in Frameworks */,
				DA8FEA27266753B500BFED0B /* Swinject in Frameworks */,
			);
			runOnlyForDeploymentPostprocessing = 0;
		};
		DA7F9EBD2667330C001E1B22 /* Frameworks */ = {
			isa = PBXFrameworksBuildPhase;
			buildActionMask = 2147483647;
			files = (
				C3692189E9AA51C0A18E1630 /* Pods_TKMaterialCalendarTests.framework in Frameworks */,
			);
			runOnlyForDeploymentPostprocessing = 0;
		};
		DA7F9EC82667330C001E1B22 /* Frameworks */ = {
			isa = PBXFrameworksBuildPhase;
			buildActionMask = 2147483647;
			files = (
				D447750E3FF5C8F87FDF2FA6 /* Pods_TKMaterialCalendar_TKMaterialCalendarUITests.framework in Frameworks */,
			);
			runOnlyForDeploymentPostprocessing = 0;
		};
/* End PBXFrameworksBuildPhase section */

/* Begin PBXGroup section */
		4776DECE705654896BD96B34 /* Frameworks */ = {
			isa = PBXGroup;
			children = (
				DA4ADCF42668E35C00608024 /* RealmSwift.xcframework */,
				DA4ADCF02668E34D00608024 /* Realm.xcframework */,
				19E3EBFF1CA823DA440B9117 /* Pods_TKMaterialCalendar.framework */,
				615B315111F6342D5145863A /* Pods_TKMaterialCalendar_TKMaterialCalendarUITests.framework */,
				D3A139A5E969A3D82899053B /* Pods_TKMaterialCalendarTests.framework */,
			);
			name = Frameworks;
			sourceTree = "<group>";
		};
		DA7F9EA12667330B001E1B22 = {
			isa = PBXGroup;
			children = (
				DA7F9EAC2667330B001E1B22 /* TKMaterialCalendar */,
				DA7F9EC32667330C001E1B22 /* TKMaterialCalendarTests */,
				DA7F9ECE2667330C001E1B22 /* TKMaterialCalendarUITests */,
				DA7F9EAB2667330B001E1B22 /* Products */,
				DDC9DA35C21F830773541A66 /* Pods */,
				4776DECE705654896BD96B34 /* Frameworks */,
			);
			sourceTree = "<group>";
		};
		DA7F9EAB2667330B001E1B22 /* Products */ = {
			isa = PBXGroup;
			children = (
				DA7F9EAA2667330B001E1B22 /* TKMaterialCalendar.app */,
				DA7F9EC02667330C001E1B22 /* TKMaterialCalendarTests.xctest */,
				DA7F9ECB2667330C001E1B22 /* TKMaterialCalendarUITests.xctest */,
			);
			name = Products;
			sourceTree = "<group>";
		};
		DA7F9EAC2667330B001E1B22 /* TKMaterialCalendar */ = {
			isa = PBXGroup;
			children = (
				DA8FEA362667573100BFED0B /* Networking */,
				DA8FEA372667573B00BFED0B /* Application */,
				DA8FEA382667575100BFED0B /* Model */,
				DA8FEA392667575F00BFED0B /* Splash */,
				DA8FEA3A2667577D00BFED0B /* Drawer */,
				DA8FEA59266770DE00BFED0B /* Calendar */,
				DA8FEA5A266770ED00BFED0B /* Event */,
				DA8FEA3B2667578C00BFED0B /* View */,
				DA8FEA3C2667579500BFED0B /* Library */,
				DA8FEA312667553C00BFED0B /* Resource */,
				DA7F9EBB2667330C001E1B22 /* Info.plist */,
				DA8FEA3D266757EA00BFED0B /* TKMaterialCalendar.entitlements */,
			);
			path = TKMaterialCalendar;
			sourceTree = "<group>";
		};
		DA7F9EC32667330C001E1B22 /* TKMaterialCalendarTests */ = {
			isa = PBXGroup;
			children = (
				DA8FEA342667567300BFED0B /* TKMaterialCalendarTests.xctestplan */,
				DA7F9EC62667330C001E1B22 /* Info.plist */,
				DA1F1921266B46200039A1B7 /* DateUtilsTests.swift */,
			);
			path = TKMaterialCalendarTests;
			sourceTree = "<group>";
		};
		DA7F9ECE2667330C001E1B22 /* TKMaterialCalendarUITests */ = {
			isa = PBXGroup;
			children = (
				DA8FEA352667569500BFED0B /* TKMaterialCalendarUITests.xctestplan */,
				DA7F9ECF2667330C001E1B22 /* TKMaterialCalendarUITests.swift */,
				DA7F9ED12667330C001E1B22 /* Info.plist */,
			);
			path = TKMaterialCalendarUITests;
			sourceTree = "<group>";
		};
		DA8FEA312667553C00BFED0B /* Resource */ = {
			isa = PBXGroup;
			children = (
				DAC6D1E12668B76B003CA947 /* Mock */,
				DA8FEA5F26677BEF00BFED0B /* GoogleService-Info.plist */,
				DA8FEA4426676E8900BFED0B /* Splash.storyboard */,
				DA7F9EB82667330C001E1B22 /* LaunchScreen.storyboard */,
				DA7F9EB62667330C001E1B22 /* Assets.xcassets */,
				DA8FEA322667556200BFED0B /* R.generated.swift */,
				DA8FEA4A26676F4C00BFED0B /* Localizable.strings */,
			);
			path = Resource;
			sourceTree = "<group>";
		};
		DA8FEA362667573100BFED0B /* Networking */ = {
			isa = PBXGroup;
			children = (
			);
			path = Networking;
			sourceTree = "<group>";
		};
		DA8FEA372667573B00BFED0B /* Application */ = {
			isa = PBXGroup;
			children = (
				DA7F9EAD2667330B001E1B22 /* AppDelegate.swift */,
				DA7F9EAF2667330B001E1B22 /* SceneDelegate.swift */,
				DA8FEA512667703800BFED0B /* DI.swift */,
			);
			path = Application;
			sourceTree = "<group>";
		};
		DA8FEA382667575100BFED0B /* Model */ = {
			isa = PBXGroup;
			children = (
				DA4ADCEC2668E08000608024 /* CalendarEntity.swift */,
				DA4ADCEE2668E33500608024 /* ColorDefinition.swift */,
			);
			path = Model;
			sourceTree = "<group>";
		};
		DA8FEA392667575F00BFED0B /* Splash */ = {
			isa = PBXGroup;
			children = (
				DA8FEA57266770C300BFED0B /* SplashViewController.swift */,
				DA8FEA5D26677A6000BFED0B /* SplashViewModel.swift */,
			);
			path = Splash;
			sourceTree = "<group>";
		};
		DA8FEA3A2667577D00BFED0B /* Drawer */ = {
			isa = PBXGroup;
			children = (
				DA8FEA532667708800BFED0B /* DrawerContainerController.swift */,
				DA8FEA55266770A400BFED0B /* DrawerContentViewController.swift */,
				DAC6D1E42668BA1F003CA947 /* DrawerContentViewModel.swift */,
				DAC6D1E62668BA78003CA947 /* DrawerCalendarTableViewCell.swift */,
			);
			path = Drawer;
			sourceTree = "<group>";
		};
		DA8FEA3B2667578C00BFED0B /* View */ = {
			isa = PBXGroup;
			children = (
				DA8FEA502667700100BFED0B /* MonthCalendar */,
				DA8FEA4C26676FB000BFED0B /* RootViewController.swift */,
				DA8FEA4E26676FEE00BFED0B /* RootNavigator.swift */,
				DA7F9EB12667330B001E1B22 /* ViewController.swift */,
				DA8FEA3E2667674000BFED0B /* MaterialScheme.swift */,
			);
			path = View;
			sourceTree = "<group>";
		};
		DA8FEA3C2667579500BFED0B /* Library */ = {
			isa = PBXGroup;
			children = (
				DA8FEA412667688A00BFED0B /* Utility */,
				DA8FEA6126678F3800BFED0B /* Logger.swift */,
			);
			path = Library;
			sourceTree = "<group>";
		};
		DA8FEA412667688A00BFED0B /* Utility */ = {
			isa = PBXGroup;
			children = (
				DA8FEA422667697000BFED0B /* Rswift+Extensions.swift */,
				DAC6D1DF2668B115003CA947 /* DateUtils.swift */,
			);
			path = Utility;
			sourceTree = "<group>";
		};
		DA8FEA502667700100BFED0B /* MonthCalendar */ = {
			isa = PBXGroup;
			children = (
				DA4ADCE22668D67800608024 /* MonthCalendarView.swift */,
				DA4ADCE42668D68D00608024 /* MonthEventView.swift */,
				DA4ADCE62668D69F00608024 /* Event.swift */,
				DA4ADCE82668D6B400608024 /* MonthEventViewState.swift */,
			);
			path = MonthCalendar;
			sourceTree = "<group>";
		};
		DA8FEA59266770DE00BFED0B /* Calendar */ = {
			isa = PBXGroup;
			children = (
				DAC6D1D92668AF6C003CA947 /* CalendarViewController.swift */,
				DAC6D1DD2668B0A5003CA947 /* MonthViewController.swift */,
				DA4ADCE02668D56B00608024 /* MonthViewViewModel.swift */,
				DAECE426266A069200E9E1CA /* MonthViewRepository.swift */,
			);
			path = Calendar;
			sourceTree = "<group>";
		};
		DA8FEA5A266770ED00BFED0B /* Event */ = {
			isa = PBXGroup;
			children = (
				DAC6D1DB2668AF7A003CA947 /* EventViewController.swift */,
			);
			path = Event;
			sourceTree = "<group>";
		};
		DAC6D1E12668B76B003CA947 /* Mock */ = {
			isa = PBXGroup;
			children = (
				DAC6D1E22668B786003CA947 /* RootNavigatorMock.swift */,
				DAC6D1E82668C547003CA947 /* DrawerContentViewModelMock.swift */,
			);
			path = Mock;
			sourceTree = "<group>";
		};
		DDC9DA35C21F830773541A66 /* Pods */ = {
			isa = PBXGroup;
			children = (
				DD462CB7F13795FEB9A42371 /* Pods-TKMaterialCalendar.debug.xcconfig */,
				B8F065654EE93B6509F4320B /* Pods-TKMaterialCalendar.release.xcconfig */,
				E2547E4A24A824DC99D3F1D8 /* Pods-TKMaterialCalendar-TKMaterialCalendarUITests.debug.xcconfig */,
				00C26718E2D67780487F9719 /* Pods-TKMaterialCalendar-TKMaterialCalendarUITests.release.xcconfig */,
				23FFA0D6C957447CB5DED220 /* Pods-TKMaterialCalendarTests.debug.xcconfig */,
				CCB3031B5729317350A60CE4 /* Pods-TKMaterialCalendarTests.release.xcconfig */,
			);
			path = Pods;
			sourceTree = "<group>";
		};
/* End PBXGroup section */

/* Begin PBXNativeTarget section */
		DA7F9EA92667330B001E1B22 /* TKMaterialCalendar */ = {
			isa = PBXNativeTarget;
			buildConfigurationList = DA7F9ED42667330C001E1B22 /* Build configuration list for PBXNativeTarget "TKMaterialCalendar" */;
			buildPhases = (
				2F891BB946FDCE987AE0E84B /* [CP] Check Pods Manifest.lock */,
				DA8FEA2E2667540200BFED0B /* Carthage */,
				DA8FEA2F2667543700BFED0B /* R.Swift */,
				DA7F9EA62667330B001E1B22 /* Sources */,
				DA7F9EA72667330B001E1B22 /* Frameworks */,
				DA7F9EA82667330B001E1B22 /* Resources */,
				DA8FEA302667547500BFED0B /* Swift Lint */,
				56740C88CFA6A55F5C3785A8 /* [CP] Embed Pods Frameworks */,
				31FCCBA30B5D738BC16FCD83 /* [CP] Copy Pods Resources */,
			);
			buildRules = (
			);
			dependencies = (
			);
			name = TKMaterialCalendar;
			packageProductDependencies = (
				DA8FEA212667539100BFED0B /* Moya */,
				DA8FEA232667539100BFED0B /* CombineMoya */,
				DA8FEA26266753B500BFED0B /* Swinject */,
				DA8FEA29266753CD00BFED0B /* SwinjectAutoregistration */,
				DA8FEA2C266753E200BFED0B /* KeychainAccess */,
			);
			productName = TKMaterialCalendar;
			productReference = DA7F9EAA2667330B001E1B22 /* TKMaterialCalendar.app */;
			productType = "com.apple.product-type.application";
		};
		DA7F9EBF2667330C001E1B22 /* TKMaterialCalendarTests */ = {
			isa = PBXNativeTarget;
			buildConfigurationList = DA7F9ED72667330C001E1B22 /* Build configuration list for PBXNativeTarget "TKMaterialCalendarTests" */;
			buildPhases = (
				43888FA045C7B47BFF77A1C6 /* [CP] Check Pods Manifest.lock */,
				DA7F9EBC2667330C001E1B22 /* Sources */,
				DA7F9EBD2667330C001E1B22 /* Frameworks */,
				DA7F9EBE2667330C001E1B22 /* Resources */,
				CE0E492B7577D8215FF79666 /* [CP] Embed Pods Frameworks */,
			);
			buildRules = (
			);
			dependencies = (
				DA7F9EC22667330C001E1B22 /* PBXTargetDependency */,
			);
			name = TKMaterialCalendarTests;
			productName = TKMaterialCalendarTests;
			productReference = DA7F9EC02667330C001E1B22 /* TKMaterialCalendarTests.xctest */;
			productType = "com.apple.product-type.bundle.unit-test";
		};
		DA7F9ECA2667330C001E1B22 /* TKMaterialCalendarUITests */ = {
			isa = PBXNativeTarget;
			buildConfigurationList = DA7F9EDA2667330C001E1B22 /* Build configuration list for PBXNativeTarget "TKMaterialCalendarUITests" */;
			buildPhases = (
				130307A457AE3B534A1D6E04 /* [CP] Check Pods Manifest.lock */,
				DA7F9EC72667330C001E1B22 /* Sources */,
				DA7F9EC82667330C001E1B22 /* Frameworks */,
				DA7F9EC92667330C001E1B22 /* Resources */,
				3A058DC546146D36A144188F /* [CP] Embed Pods Frameworks */,
				A8C0760312100CA783DC8481 /* [CP] Copy Pods Resources */,
			);
			buildRules = (
			);
			dependencies = (
				DA7F9ECD2667330C001E1B22 /* PBXTargetDependency */,
			);
			name = TKMaterialCalendarUITests;
			productName = TKMaterialCalendarUITests;
			productReference = DA7F9ECB2667330C001E1B22 /* TKMaterialCalendarUITests.xctest */;
			productType = "com.apple.product-type.bundle.ui-testing";
		};
/* End PBXNativeTarget section */

/* Begin PBXProject section */
		DA7F9EA22667330B001E1B22 /* Project object */ = {
			isa = PBXProject;
			attributes = {
				LastSwiftUpdateCheck = 1250;
				LastUpgradeCheck = 1250;
				TargetAttributes = {
					DA7F9EA92667330B001E1B22 = {
						CreatedOnToolsVersion = 12.5;
					};
					DA7F9EBF2667330C001E1B22 = {
						CreatedOnToolsVersion = 12.5;
						TestTargetID = DA7F9EA92667330B001E1B22;
					};
					DA7F9ECA2667330C001E1B22 = {
						CreatedOnToolsVersion = 12.5;
						TestTargetID = DA7F9EA92667330B001E1B22;
					};
				};
			};
			buildConfigurationList = DA7F9EA52667330B001E1B22 /* Build configuration list for PBXProject "TKMaterialCalendar" */;
			compatibilityVersion = "Xcode 9.3";
			developmentRegion = en;
			hasScannedForEncodings = 0;
			knownRegions = (
				en,
				Base,
				ja,
			);
			mainGroup = DA7F9EA12667330B001E1B22;
			packageReferences = (
				DA8FEA202667539100BFED0B /* XCRemoteSwiftPackageReference "Moya" */,
				DA8FEA25266753B500BFED0B /* XCRemoteSwiftPackageReference "Swinject" */,
				DA8FEA28266753CD00BFED0B /* XCRemoteSwiftPackageReference "SwinjectAutoregistration" */,
				DA8FEA2B266753E200BFED0B /* XCRemoteSwiftPackageReference "KeychainAccess" */,
			);
			productRefGroup = DA7F9EAB2667330B001E1B22 /* Products */;
			projectDirPath = "";
			projectRoot = "";
			targets = (
				DA7F9EA92667330B001E1B22 /* TKMaterialCalendar */,
				DA7F9EBF2667330C001E1B22 /* TKMaterialCalendarTests */,
				DA7F9ECA2667330C001E1B22 /* TKMaterialCalendarUITests */,
			);
		};
/* End PBXProject section */

/* Begin PBXResourcesBuildPhase section */
		DA7F9EA82667330B001E1B22 /* Resources */ = {
			isa = PBXResourcesBuildPhase;
			buildActionMask = 2147483647;
			files = (
				DA7F9EBA2667330C001E1B22 /* LaunchScreen.storyboard in Resources */,
				DA8FEA4826676F4C00BFED0B /* Localizable.strings in Resources */,
				DA8FEA6026677BEF00BFED0B /* GoogleService-Info.plist in Resources */,
				DA7F9EB72667330C001E1B22 /* Assets.xcassets in Resources */,
				DA8FEA4526676E8900BFED0B /* Splash.storyboard in Resources */,
			);
			runOnlyForDeploymentPostprocessing = 0;
		};
		DA7F9EBE2667330C001E1B22 /* Resources */ = {
			isa = PBXResourcesBuildPhase;
			buildActionMask = 2147483647;
			files = (
			);
			runOnlyForDeploymentPostprocessing = 0;
		};
		DA7F9EC92667330C001E1B22 /* Resources */ = {
			isa = PBXResourcesBuildPhase;
			buildActionMask = 2147483647;
			files = (
			);
			runOnlyForDeploymentPostprocessing = 0;
		};
/* End PBXResourcesBuildPhase section */

/* Begin PBXShellScriptBuildPhase section */
		130307A457AE3B534A1D6E04 /* [CP] Check Pods Manifest.lock */ = {
			isa = PBXShellScriptBuildPhase;
			buildActionMask = 2147483647;
			files = (
			);
			inputFileListPaths = (
			);
			inputPaths = (
				"${PODS_PODFILE_DIR_PATH}/Podfile.lock",
				"${PODS_ROOT}/Manifest.lock",
			);
			name = "[CP] Check Pods Manifest.lock";
			outputFileListPaths = (
			);
			outputPaths = (
				"$(DERIVED_FILE_DIR)/Pods-TKMaterialCalendar-TKMaterialCalendarUITests-checkManifestLockResult.txt",
			);
			runOnlyForDeploymentPostprocessing = 0;
			shellPath = /bin/sh;
			shellScript = "diff \"${PODS_PODFILE_DIR_PATH}/Podfile.lock\" \"${PODS_ROOT}/Manifest.lock\" > /dev/null\nif [ $? != 0 ] ; then\n    # print error to STDERR\n    echo \"error: The sandbox is not in sync with the Podfile.lock. Run 'pod install' or update your CocoaPods installation.\" >&2\n    exit 1\nfi\n# This output is used by Xcode 'outputs' to avoid re-running this script phase.\necho \"SUCCESS\" > \"${SCRIPT_OUTPUT_FILE_0}\"\n";
			showEnvVarsInLog = 0;
		};
		2F891BB946FDCE987AE0E84B /* [CP] Check Pods Manifest.lock */ = {
			isa = PBXShellScriptBuildPhase;
			buildActionMask = 2147483647;
			files = (
			);
			inputFileListPaths = (
			);
			inputPaths = (
				"${PODS_PODFILE_DIR_PATH}/Podfile.lock",
				"${PODS_ROOT}/Manifest.lock",
			);
			name = "[CP] Check Pods Manifest.lock";
			outputFileListPaths = (
			);
			outputPaths = (
				"$(DERIVED_FILE_DIR)/Pods-TKMaterialCalendar-checkManifestLockResult.txt",
			);
			runOnlyForDeploymentPostprocessing = 0;
			shellPath = /bin/sh;
			shellScript = "diff \"${PODS_PODFILE_DIR_PATH}/Podfile.lock\" \"${PODS_ROOT}/Manifest.lock\" > /dev/null\nif [ $? != 0 ] ; then\n    # print error to STDERR\n    echo \"error: The sandbox is not in sync with the Podfile.lock. Run 'pod install' or update your CocoaPods installation.\" >&2\n    exit 1\nfi\n# This output is used by Xcode 'outputs' to avoid re-running this script phase.\necho \"SUCCESS\" > \"${SCRIPT_OUTPUT_FILE_0}\"\n";
			showEnvVarsInLog = 0;
		};
		31FCCBA30B5D738BC16FCD83 /* [CP] Copy Pods Resources */ = {
			isa = PBXShellScriptBuildPhase;
			buildActionMask = 2147483647;
			files = (
			);
			inputFileListPaths = (
				"${PODS_ROOT}/Target Support Files/Pods-TKMaterialCalendar/Pods-TKMaterialCalendar-resources-${CONFIGURATION}-input-files.xcfilelist",
			);
			name = "[CP] Copy Pods Resources";
			outputFileListPaths = (
				"${PODS_ROOT}/Target Support Files/Pods-TKMaterialCalendar/Pods-TKMaterialCalendar-resources-${CONFIGURATION}-output-files.xcfilelist",
			);
			runOnlyForDeploymentPostprocessing = 0;
			shellPath = /bin/sh;
			shellScript = "\"${PODS_ROOT}/Target Support Files/Pods-TKMaterialCalendar/Pods-TKMaterialCalendar-resources.sh\"\n";
			showEnvVarsInLog = 0;
		};
		3A058DC546146D36A144188F /* [CP] Embed Pods Frameworks */ = {
			isa = PBXShellScriptBuildPhase;
			buildActionMask = 2147483647;
			files = (
			);
			inputFileListPaths = (
				"${PODS_ROOT}/Target Support Files/Pods-TKMaterialCalendar-TKMaterialCalendarUITests/Pods-TKMaterialCalendar-TKMaterialCalendarUITests-frameworks-${CONFIGURATION}-input-files.xcfilelist",
			);
			name = "[CP] Embed Pods Frameworks";
			outputFileListPaths = (
				"${PODS_ROOT}/Target Support Files/Pods-TKMaterialCalendar-TKMaterialCalendarUITests/Pods-TKMaterialCalendar-TKMaterialCalendarUITests-frameworks-${CONFIGURATION}-output-files.xcfilelist",
			);
			runOnlyForDeploymentPostprocessing = 0;
			shellPath = /bin/sh;
			shellScript = "\"${PODS_ROOT}/Target Support Files/Pods-TKMaterialCalendar-TKMaterialCalendarUITests/Pods-TKMaterialCalendar-TKMaterialCalendarUITests-frameworks.sh\"\n";
			showEnvVarsInLog = 0;
		};
		43888FA045C7B47BFF77A1C6 /* [CP] Check Pods Manifest.lock */ = {
			isa = PBXShellScriptBuildPhase;
			buildActionMask = 2147483647;
			files = (
			);
			inputFileListPaths = (
			);
			inputPaths = (
				"${PODS_PODFILE_DIR_PATH}/Podfile.lock",
				"${PODS_ROOT}/Manifest.lock",
			);
			name = "[CP] Check Pods Manifest.lock";
			outputFileListPaths = (
			);
			outputPaths = (
				"$(DERIVED_FILE_DIR)/Pods-TKMaterialCalendarTests-checkManifestLockResult.txt",
			);
			runOnlyForDeploymentPostprocessing = 0;
			shellPath = /bin/sh;
			shellScript = "diff \"${PODS_PODFILE_DIR_PATH}/Podfile.lock\" \"${PODS_ROOT}/Manifest.lock\" > /dev/null\nif [ $? != 0 ] ; then\n    # print error to STDERR\n    echo \"error: The sandbox is not in sync with the Podfile.lock. Run 'pod install' or update your CocoaPods installation.\" >&2\n    exit 1\nfi\n# This output is used by Xcode 'outputs' to avoid re-running this script phase.\necho \"SUCCESS\" > \"${SCRIPT_OUTPUT_FILE_0}\"\n";
			showEnvVarsInLog = 0;
		};
		56740C88CFA6A55F5C3785A8 /* [CP] Embed Pods Frameworks */ = {
			isa = PBXShellScriptBuildPhase;
			buildActionMask = 2147483647;
			files = (
			);
			inputFileListPaths = (
				"${PODS_ROOT}/Target Support Files/Pods-TKMaterialCalendar/Pods-TKMaterialCalendar-frameworks-${CONFIGURATION}-input-files.xcfilelist",
			);
			name = "[CP] Embed Pods Frameworks";
			outputFileListPaths = (
				"${PODS_ROOT}/Target Support Files/Pods-TKMaterialCalendar/Pods-TKMaterialCalendar-frameworks-${CONFIGURATION}-output-files.xcfilelist",
			);
			runOnlyForDeploymentPostprocessing = 0;
			shellPath = /bin/sh;
			shellScript = "\"${PODS_ROOT}/Target Support Files/Pods-TKMaterialCalendar/Pods-TKMaterialCalendar-frameworks.sh\"\n";
			showEnvVarsInLog = 0;
		};
		A8C0760312100CA783DC8481 /* [CP] Copy Pods Resources */ = {
			isa = PBXShellScriptBuildPhase;
			buildActionMask = 2147483647;
			files = (
			);
			inputFileListPaths = (
				"${PODS_ROOT}/Target Support Files/Pods-TKMaterialCalendar-TKMaterialCalendarUITests/Pods-TKMaterialCalendar-TKMaterialCalendarUITests-resources-${CONFIGURATION}-input-files.xcfilelist",
			);
			name = "[CP] Copy Pods Resources";
			outputFileListPaths = (
				"${PODS_ROOT}/Target Support Files/Pods-TKMaterialCalendar-TKMaterialCalendarUITests/Pods-TKMaterialCalendar-TKMaterialCalendarUITests-resources-${CONFIGURATION}-output-files.xcfilelist",
			);
			runOnlyForDeploymentPostprocessing = 0;
			shellPath = /bin/sh;
			shellScript = "\"${PODS_ROOT}/Target Support Files/Pods-TKMaterialCalendar-TKMaterialCalendarUITests/Pods-TKMaterialCalendar-TKMaterialCalendarUITests-resources.sh\"\n";
			showEnvVarsInLog = 0;
		};
		CE0E492B7577D8215FF79666 /* [CP] Embed Pods Frameworks */ = {
			isa = PBXShellScriptBuildPhase;
			buildActionMask = 2147483647;
			files = (
			);
			inputFileListPaths = (
				"${PODS_ROOT}/Target Support Files/Pods-TKMaterialCalendarTests/Pods-TKMaterialCalendarTests-frameworks-${CONFIGURATION}-input-files.xcfilelist",
			);
			name = "[CP] Embed Pods Frameworks";
			outputFileListPaths = (
				"${PODS_ROOT}/Target Support Files/Pods-TKMaterialCalendarTests/Pods-TKMaterialCalendarTests-frameworks-${CONFIGURATION}-output-files.xcfilelist",
			);
			runOnlyForDeploymentPostprocessing = 0;
			shellPath = /bin/sh;
			shellScript = "\"${PODS_ROOT}/Target Support Files/Pods-TKMaterialCalendarTests/Pods-TKMaterialCalendarTests-frameworks.sh\"\n";
			showEnvVarsInLog = 0;
		};
		DA8FEA2E2667540200BFED0B /* Carthage */ = {
			isa = PBXShellScriptBuildPhase;
			buildActionMask = 2147483647;
			files = (
			);
			inputFileListPaths = (
			);
			inputPaths = (
			);
			name = Carthage;
			outputFileListPaths = (
			);
			outputPaths = (
			);
			runOnlyForDeploymentPostprocessing = 0;
			shellPath = /bin/sh;
			shellScript = "/usr/local/bin/carthage copy-frameworks\n";
		};
		DA8FEA2F2667543700BFED0B /* R.Swift */ = {
			isa = PBXShellScriptBuildPhase;
			buildActionMask = 2147483647;
			files = (
			);
			inputFileListPaths = (
			);
			inputPaths = (
				"$TEMP_DIR/rswift-lastrun",
			);
			name = R.Swift;
			outputFileListPaths = (
			);
			outputPaths = (
				$SRCROOT/Generated/R.generated.swift,
			);
			runOnlyForDeploymentPostprocessing = 0;
			shellPath = /bin/sh;
			shellScript = "\"$PODS_ROOT/R.swift/rswift\" generate \"$SRCROOT/Generated/R.generated.swift\"\n";
		};
		DA8FEA302667547500BFED0B /* Swift Lint */ = {
			isa = PBXShellScriptBuildPhase;
			buildActionMask = 2147483647;
			files = (
			);
			inputFileListPaths = (
			);
			inputPaths = (
			);
			name = "Swift Lint";
			outputFileListPaths = (
			);
			outputPaths = (
			);
			runOnlyForDeploymentPostprocessing = 0;
			shellPath = /bin/sh;
			shellScript = "# Type a script or drag a script file from your workspace to insert its path.\nif which ${PODS_ROOT}/SwiftLint/swiftlint >/dev/null; then\n    ${PODS_ROOT}/SwiftLint/swiftlint autocorrect --format\n    ${PODS_ROOT}/SwiftLint/swiftlint\nelse\n  echo \"warning: SwiftLint not installed, download from https://github.com/realm/SwiftLint\"\nfi\n";
		};
/* End PBXShellScriptBuildPhase section */

/* Begin PBXSourcesBuildPhase section */
		DA7F9EA62667330B001E1B22 /* Sources */ = {
			isa = PBXSourcesBuildPhase;
			buildActionMask = 2147483647;
			files = (
				DAC6D1DA2668AF6C003CA947 /* CalendarViewController.swift in Sources */,
				DA8FEA432667697000BFED0B /* Rswift+Extensions.swift in Sources */,
				DAC6D1E02668B115003CA947 /* DateUtils.swift in Sources */,
				DA8FEA3F2667674000BFED0B /* MaterialScheme.swift in Sources */,
				DA8FEA5E26677A6000BFED0B /* SplashViewModel.swift in Sources */,
				DA8FEA542667708800BFED0B /* DrawerContainerController.swift in Sources */,
				DA8FEA58266770C300BFED0B /* SplashViewController.swift in Sources */,
				DA4ADCE12668D56B00608024 /* MonthViewViewModel.swift in Sources */,
				DAECE427266A069200E9E1CA /* MonthViewRepository.swift in Sources */,
				DA8FEA522667703800BFED0B /* DI.swift in Sources */,
				DA4ADCE52668D68D00608024 /* MonthEventView.swift in Sources */,
				DA7F9EB22667330B001E1B22 /* ViewController.swift in Sources */,
				DA8FEA4D26676FB000BFED0B /* RootViewController.swift in Sources */,
				DA4ADCE72668D69F00608024 /* Event.swift in Sources */,
				DAC6D1E92668C547003CA947 /* DrawerContentViewModelMock.swift in Sources */,
				DA7F9EAE2667330B001E1B22 /* AppDelegate.swift in Sources */,
				DA4ADCE32668D67800608024 /* MonthCalendarView.swift in Sources */,
				DA8FEA6226678F3800BFED0B /* Logger.swift in Sources */,
				DA8FEA56266770A400BFED0B /* DrawerContentViewController.swift in Sources */,
				DA8FEA4F26676FEE00BFED0B /* RootNavigator.swift in Sources */,
				DAC6D1E32668B786003CA947 /* RootNavigatorMock.swift in Sources */,
				DA7F9EB02667330B001E1B22 /* SceneDelegate.swift in Sources */,
				DA8FEA332667556200BFED0B /* R.generated.swift in Sources */,
				DA4ADCE92668D6B400608024 /* MonthEventViewState.swift in Sources */,
				DAC6D1DC2668AF7A003CA947 /* EventViewController.swift in Sources */,
				DAC6D1DE2668B0A5003CA947 /* MonthViewController.swift in Sources */,
				DAC6D1E52668BA1F003CA947 /* DrawerContentViewModel.swift in Sources */,
				DAC6D1E72668BA78003CA947 /* DrawerCalendarTableViewCell.swift in Sources */,
				DA4ADCEF2668E33500608024 /* ColorDefinition.swift in Sources */,
				DA4ADCED2668E08000608024 /* CalendarEntity.swift in Sources */,
			);
			runOnlyForDeploymentPostprocessing = 0;
		};
		DA7F9EBC2667330C001E1B22 /* Sources */ = {
			isa = PBXSourcesBuildPhase;
			buildActionMask = 2147483647;
			files = (
				DA1F1922266B46200039A1B7 /* DateUtilsTests.swift in Sources */,
			);
			runOnlyForDeploymentPostprocessing = 0;
		};
		DA7F9EC72667330C001E1B22 /* Sources */ = {
			isa = PBXSourcesBuildPhase;
			buildActionMask = 2147483647;
			files = (
				DA7F9ED02667330C001E1B22 /* TKMaterialCalendarUITests.swift in Sources */,
			);
			runOnlyForDeploymentPostprocessing = 0;
		};
/* End PBXSourcesBuildPhase section */

/* Begin PBXTargetDependency section */
		DA7F9EC22667330C001E1B22 /* PBXTargetDependency */ = {
			isa = PBXTargetDependency;
			target = DA7F9EA92667330B001E1B22 /* TKMaterialCalendar */;
			targetProxy = DA7F9EC12667330C001E1B22 /* PBXContainerItemProxy */;
		};
		DA7F9ECD2667330C001E1B22 /* PBXTargetDependency */ = {
			isa = PBXTargetDependency;
			target = DA7F9EA92667330B001E1B22 /* TKMaterialCalendar */;
			targetProxy = DA7F9ECC2667330C001E1B22 /* PBXContainerItemProxy */;
		};
/* End PBXTargetDependency section */

/* Begin PBXVariantGroup section */
		DA7F9EB82667330C001E1B22 /* LaunchScreen.storyboard */ = {
			isa = PBXVariantGroup;
			children = (
				DA7F9EB92667330C001E1B22 /* Base */,
			);
			name = LaunchScreen.storyboard;
			sourceTree = "<group>";
		};
		DA8FEA4A26676F4C00BFED0B /* Localizable.strings */ = {
			isa = PBXVariantGroup;
			children = (
				DA8FEA4926676F4C00BFED0B /* en */,
				DA8FEA4B26676F6500BFED0B /* ja */,
			);
			name = Localizable.strings;
			sourceTree = "<group>";
		};
/* End PBXVariantGroup section */

/* Begin XCBuildConfiguration section */
		DA7F9ED22667330C001E1B22 /* Debug */ = {
			isa = XCBuildConfiguration;
			buildSettings = {
				ALWAYS_SEARCH_USER_PATHS = NO;
				CLANG_ANALYZER_LOCALIZABILITY_NONLOCALIZED = YES;
				CLANG_ANALYZER_NONNULL = YES;
				CLANG_ANALYZER_NUMBER_OBJECT_CONVERSION = YES_AGGRESSIVE;
				CLANG_CXX_LANGUAGE_STANDARD = "gnu++14";
				CLANG_CXX_LIBRARY = "libc++";
				CLANG_ENABLE_MODULES = YES;
				CLANG_ENABLE_OBJC_ARC = YES;
				CLANG_ENABLE_OBJC_WEAK = YES;
				CLANG_WARN_BLOCK_CAPTURE_AUTORELEASING = YES;
				CLANG_WARN_BOOL_CONVERSION = YES;
				CLANG_WARN_COMMA = YES;
				CLANG_WARN_CONSTANT_CONVERSION = YES;
				CLANG_WARN_DEPRECATED_OBJC_IMPLEMENTATIONS = YES;
				CLANG_WARN_DIRECT_OBJC_ISA_USAGE = YES_ERROR;
				CLANG_WARN_DOCUMENTATION_COMMENTS = YES;
				CLANG_WARN_EMPTY_BODY = YES;
				CLANG_WARN_ENUM_CONVERSION = YES;
				CLANG_WARN_INFINITE_RECURSION = YES;
				CLANG_WARN_INT_CONVERSION = YES;
				CLANG_WARN_NON_LITERAL_NULL_CONVERSION = YES;
				CLANG_WARN_OBJC_IMPLICIT_RETAIN_SELF = YES;
				CLANG_WARN_OBJC_LITERAL_CONVERSION = YES;
				CLANG_WARN_OBJC_ROOT_CLASS = YES_ERROR;
				CLANG_WARN_QUOTED_INCLUDE_IN_FRAMEWORK_HEADER = YES;
				CLANG_WARN_RANGE_LOOP_ANALYSIS = YES;
				CLANG_WARN_STRICT_PROTOTYPES = YES;
				CLANG_WARN_SUSPICIOUS_MOVE = YES;
				CLANG_WARN_UNGUARDED_AVAILABILITY = YES_AGGRESSIVE;
				CLANG_WARN_UNREACHABLE_CODE = YES;
				CLANG_WARN__DUPLICATE_METHOD_MATCH = YES;
				COPY_PHASE_STRIP = NO;
				DEBUG_INFORMATION_FORMAT = dwarf;
				ENABLE_STRICT_OBJC_MSGSEND = YES;
				ENABLE_TESTABILITY = YES;
				GCC_C_LANGUAGE_STANDARD = gnu11;
				GCC_DYNAMIC_NO_PIC = NO;
				GCC_NO_COMMON_BLOCKS = YES;
				GCC_OPTIMIZATION_LEVEL = 0;
				GCC_PREPROCESSOR_DEFINITIONS = (
					"DEBUG=1",
					"$(inherited)",
				);
				GCC_WARN_64_TO_32_BIT_CONVERSION = YES;
				GCC_WARN_ABOUT_RETURN_TYPE = YES_ERROR;
				GCC_WARN_UNDECLARED_SELECTOR = YES;
				GCC_WARN_UNINITIALIZED_AUTOS = YES_AGGRESSIVE;
				GCC_WARN_UNUSED_FUNCTION = YES;
				GCC_WARN_UNUSED_VARIABLE = YES;
				IPHONEOS_DEPLOYMENT_TARGET = 14.5;
				MTL_ENABLE_DEBUG_INFO = INCLUDE_SOURCE;
				MTL_FAST_MATH = YES;
				ONLY_ACTIVE_ARCH = YES;
				SDKROOT = iphoneos;
				SWIFT_ACTIVE_COMPILATION_CONDITIONS = DEBUG;
				SWIFT_OPTIMIZATION_LEVEL = "-Onone";
			};
			name = Debug;
		};
		DA7F9ED32667330C001E1B22 /* Release */ = {
			isa = XCBuildConfiguration;
			buildSettings = {
				ALWAYS_SEARCH_USER_PATHS = NO;
				CLANG_ANALYZER_LOCALIZABILITY_NONLOCALIZED = YES;
				CLANG_ANALYZER_NONNULL = YES;
				CLANG_ANALYZER_NUMBER_OBJECT_CONVERSION = YES_AGGRESSIVE;
				CLANG_CXX_LANGUAGE_STANDARD = "gnu++14";
				CLANG_CXX_LIBRARY = "libc++";
				CLANG_ENABLE_MODULES = YES;
				CLANG_ENABLE_OBJC_ARC = YES;
				CLANG_ENABLE_OBJC_WEAK = YES;
				CLANG_WARN_BLOCK_CAPTURE_AUTORELEASING = YES;
				CLANG_WARN_BOOL_CONVERSION = YES;
				CLANG_WARN_COMMA = YES;
				CLANG_WARN_CONSTANT_CONVERSION = YES;
				CLANG_WARN_DEPRECATED_OBJC_IMPLEMENTATIONS = YES;
				CLANG_WARN_DIRECT_OBJC_ISA_USAGE = YES_ERROR;
				CLANG_WARN_DOCUMENTATION_COMMENTS = YES;
				CLANG_WARN_EMPTY_BODY = YES;
				CLANG_WARN_ENUM_CONVERSION = YES;
				CLANG_WARN_INFINITE_RECURSION = YES;
				CLANG_WARN_INT_CONVERSION = YES;
				CLANG_WARN_NON_LITERAL_NULL_CONVERSION = YES;
				CLANG_WARN_OBJC_IMPLICIT_RETAIN_SELF = YES;
				CLANG_WARN_OBJC_LITERAL_CONVERSION = YES;
				CLANG_WARN_OBJC_ROOT_CLASS = YES_ERROR;
				CLANG_WARN_QUOTED_INCLUDE_IN_FRAMEWORK_HEADER = YES;
				CLANG_WARN_RANGE_LOOP_ANALYSIS = YES;
				CLANG_WARN_STRICT_PROTOTYPES = YES;
				CLANG_WARN_SUSPICIOUS_MOVE = YES;
				CLANG_WARN_UNGUARDED_AVAILABILITY = YES_AGGRESSIVE;
				CLANG_WARN_UNREACHABLE_CODE = YES;
				CLANG_WARN__DUPLICATE_METHOD_MATCH = YES;
				COPY_PHASE_STRIP = NO;
				DEBUG_INFORMATION_FORMAT = "dwarf-with-dsym";
				ENABLE_NS_ASSERTIONS = NO;
				ENABLE_STRICT_OBJC_MSGSEND = YES;
				GCC_C_LANGUAGE_STANDARD = gnu11;
				GCC_NO_COMMON_BLOCKS = YES;
				GCC_WARN_64_TO_32_BIT_CONVERSION = YES;
				GCC_WARN_ABOUT_RETURN_TYPE = YES_ERROR;
				GCC_WARN_UNDECLARED_SELECTOR = YES;
				GCC_WARN_UNINITIALIZED_AUTOS = YES_AGGRESSIVE;
				GCC_WARN_UNUSED_FUNCTION = YES;
				GCC_WARN_UNUSED_VARIABLE = YES;
				IPHONEOS_DEPLOYMENT_TARGET = 14.5;
				MTL_ENABLE_DEBUG_INFO = NO;
				MTL_FAST_MATH = YES;
				SDKROOT = iphoneos;
				SWIFT_COMPILATION_MODE = wholemodule;
				SWIFT_OPTIMIZATION_LEVEL = "-O";
				VALIDATE_PRODUCT = YES;
			};
			name = Release;
		};
		DA7F9ED52667330C001E1B22 /* Debug */ = {
			isa = XCBuildConfiguration;
			baseConfigurationReference = DD462CB7F13795FEB9A42371 /* Pods-TKMaterialCalendar.debug.xcconfig */;
			buildSettings = {
				ASSETCATALOG_COMPILER_APPICON_NAME = AppIcon;
				ASSETCATALOG_COMPILER_GLOBAL_ACCENT_COLOR_NAME = AccentColor;
				CODE_SIGN_ENTITLEMENTS = TKMaterialCalendar/TKMaterialCalendar.entitlements;
				CODE_SIGN_STYLE = Automatic;
				DEVELOPMENT_TEAM = F8KDV2PAXH;
				INFOPLIST_FILE = TKMaterialCalendar/Info.plist;
				LD_RUNPATH_SEARCH_PATHS = (
					"$(inherited)",
					"@executable_path/Frameworks",
				);
				MARKETING_VERSION = 0.0;
				PRODUCT_BUNDLE_IDENTIFIER = "com.takigawa-memo.TKMaterialCalendar";
				PRODUCT_NAME = "$(TARGET_NAME)";
				SWIFT_VERSION = 5.0;
				TARGETED_DEVICE_FAMILY = "1,2";
			};
			name = Debug;
		};
		DA7F9ED62667330C001E1B22 /* Release */ = {
			isa = XCBuildConfiguration;
			baseConfigurationReference = B8F065654EE93B6509F4320B /* Pods-TKMaterialCalendar.release.xcconfig */;
			buildSettings = {
				ASSETCATALOG_COMPILER_APPICON_NAME = AppIcon;
				ASSETCATALOG_COMPILER_GLOBAL_ACCENT_COLOR_NAME = AccentColor;
				CODE_SIGN_ENTITLEMENTS = TKMaterialCalendar/TKMaterialCalendar.entitlements;
				CODE_SIGN_STYLE = Automatic;
				DEVELOPMENT_TEAM = F8KDV2PAXH;
				INFOPLIST_FILE = TKMaterialCalendar/Info.plist;
				LD_RUNPATH_SEARCH_PATHS = (
					"$(inherited)",
					"@executable_path/Frameworks",
				);
				MARKETING_VERSION = 0.0;
				PRODUCT_BUNDLE_IDENTIFIER = "com.takigawa-memo.TKMaterialCalendar";
				PRODUCT_NAME = "$(TARGET_NAME)";
				SWIFT_VERSION = 5.0;
				TARGETED_DEVICE_FAMILY = "1,2";
			};
			name = Release;
		};
		DA7F9ED82667330C001E1B22 /* Debug */ = {
			isa = XCBuildConfiguration;
			baseConfigurationReference = 23FFA0D6C957447CB5DED220 /* Pods-TKMaterialCalendarTests.debug.xcconfig */;
			buildSettings = {
				ALWAYS_EMBED_SWIFT_STANDARD_LIBRARIES = "$(inherited)";
				BUNDLE_LOADER = "$(TEST_HOST)";
				CODE_SIGN_STYLE = Automatic;
				DEVELOPMENT_TEAM = F8KDV2PAXH;
				INFOPLIST_FILE = TKMaterialCalendarTests/Info.plist;
				IPHONEOS_DEPLOYMENT_TARGET = 14.5;
				LD_RUNPATH_SEARCH_PATHS = (
					"$(inherited)",
					"@executable_path/Frameworks",
					"@loader_path/Frameworks",
				);
				PRODUCT_BUNDLE_IDENTIFIER = "com.takigawa-memo.TKMaterialCalendarTests";
				PRODUCT_NAME = "$(TARGET_NAME)";
				SWIFT_VERSION = 5.0;
				TARGETED_DEVICE_FAMILY = "1,2";
				TEST_HOST = "$(BUILT_PRODUCTS_DIR)/TKMaterialCalendar.app/TKMaterialCalendar";
			};
			name = Debug;
		};
		DA7F9ED92667330C001E1B22 /* Release */ = {
			isa = XCBuildConfiguration;
			baseConfigurationReference = CCB3031B5729317350A60CE4 /* Pods-TKMaterialCalendarTests.release.xcconfig */;
			buildSettings = {
				ALWAYS_EMBED_SWIFT_STANDARD_LIBRARIES = "$(inherited)";
				BUNDLE_LOADER = "$(TEST_HOST)";
				CODE_SIGN_STYLE = Automatic;
				DEVELOPMENT_TEAM = F8KDV2PAXH;
				INFOPLIST_FILE = TKMaterialCalendarTests/Info.plist;
				IPHONEOS_DEPLOYMENT_TARGET = 14.5;
				LD_RUNPATH_SEARCH_PATHS = (
					"$(inherited)",
					"@executable_path/Frameworks",
					"@loader_path/Frameworks",
				);
				PRODUCT_BUNDLE_IDENTIFIER = "com.takigawa-memo.TKMaterialCalendarTests";
				PRODUCT_NAME = "$(TARGET_NAME)";
				SWIFT_VERSION = 5.0;
				TARGETED_DEVICE_FAMILY = "1,2";
				TEST_HOST = "$(BUILT_PRODUCTS_DIR)/TKMaterialCalendar.app/TKMaterialCalendar";
			};
			name = Release;
		};
		DA7F9EDB2667330C001E1B22 /* Debug */ = {
			isa = XCBuildConfiguration;
			baseConfigurationReference = E2547E4A24A824DC99D3F1D8 /* Pods-TKMaterialCalendar-TKMaterialCalendarUITests.debug.xcconfig */;
			buildSettings = {
				ALWAYS_EMBED_SWIFT_STANDARD_LIBRARIES = "$(inherited)";
				CODE_SIGN_STYLE = Automatic;
				DEVELOPMENT_TEAM = F8KDV2PAXH;
				INFOPLIST_FILE = TKMaterialCalendarUITests/Info.plist;
				LD_RUNPATH_SEARCH_PATHS = (
					"$(inherited)",
					"@executable_path/Frameworks",
					"@loader_path/Frameworks",
				);
				PRODUCT_BUNDLE_IDENTIFIER = "com.takigawa-memo.TKMaterialCalendarUITests";
				PRODUCT_NAME = "$(TARGET_NAME)";
				SWIFT_VERSION = 5.0;
				TARGETED_DEVICE_FAMILY = "1,2";
				TEST_TARGET_NAME = TKMaterialCalendar;
			};
			name = Debug;
		};
		DA7F9EDC2667330C001E1B22 /* Release */ = {
			isa = XCBuildConfiguration;
			baseConfigurationReference = 00C26718E2D67780487F9719 /* Pods-TKMaterialCalendar-TKMaterialCalendarUITests.release.xcconfig */;
			buildSettings = {
				ALWAYS_EMBED_SWIFT_STANDARD_LIBRARIES = "$(inherited)";
				CODE_SIGN_STYLE = Automatic;
				DEVELOPMENT_TEAM = F8KDV2PAXH;
				INFOPLIST_FILE = TKMaterialCalendarUITests/Info.plist;
				LD_RUNPATH_SEARCH_PATHS = (
					"$(inherited)",
					"@executable_path/Frameworks",
					"@loader_path/Frameworks",
				);
				PRODUCT_BUNDLE_IDENTIFIER = "com.takigawa-memo.TKMaterialCalendarUITests";
				PRODUCT_NAME = "$(TARGET_NAME)";
				SWIFT_VERSION = 5.0;
				TARGETED_DEVICE_FAMILY = "1,2";
				TEST_TARGET_NAME = TKMaterialCalendar;
			};
			name = Release;
		};
/* End XCBuildConfiguration section */

/* Begin XCConfigurationList section */
		DA7F9EA52667330B001E1B22 /* Build configuration list for PBXProject "TKMaterialCalendar" */ = {
			isa = XCConfigurationList;
			buildConfigurations = (
				DA7F9ED22667330C001E1B22 /* Debug */,
				DA7F9ED32667330C001E1B22 /* Release */,
			);
			defaultConfigurationIsVisible = 0;
			defaultConfigurationName = Release;
		};
		DA7F9ED42667330C001E1B22 /* Build configuration list for PBXNativeTarget "TKMaterialCalendar" */ = {
			isa = XCConfigurationList;
			buildConfigurations = (
				DA7F9ED52667330C001E1B22 /* Debug */,
				DA7F9ED62667330C001E1B22 /* Release */,
			);
			defaultConfigurationIsVisible = 0;
			defaultConfigurationName = Release;
		};
		DA7F9ED72667330C001E1B22 /* Build configuration list for PBXNativeTarget "TKMaterialCalendarTests" */ = {
			isa = XCConfigurationList;
			buildConfigurations = (
				DA7F9ED82667330C001E1B22 /* Debug */,
				DA7F9ED92667330C001E1B22 /* Release */,
			);
			defaultConfigurationIsVisible = 0;
			defaultConfigurationName = Release;
		};
		DA7F9EDA2667330C001E1B22 /* Build configuration list for PBXNativeTarget "TKMaterialCalendarUITests" */ = {
			isa = XCConfigurationList;
			buildConfigurations = (
				DA7F9EDB2667330C001E1B22 /* Debug */,
				DA7F9EDC2667330C001E1B22 /* Release */,
			);
			defaultConfigurationIsVisible = 0;
			defaultConfigurationName = Release;
		};
/* End XCConfigurationList section */

/* Begin XCRemoteSwiftPackageReference section */
		DA8FEA202667539100BFED0B /* XCRemoteSwiftPackageReference "Moya" */ = {
			isa = XCRemoteSwiftPackageReference;
			repositoryURL = "https://github.com/Moya/Moya.git";
			requirement = {
				kind = exactVersion;
				version = "15.0.0-alpha.1";
			};
		};
		DA8FEA25266753B500BFED0B /* XCRemoteSwiftPackageReference "Swinject" */ = {
			isa = XCRemoteSwiftPackageReference;
			repositoryURL = "https://github.com/Swinject/Swinject.git";
			requirement = {
				kind = upToNextMajorVersion;
				minimumVersion = 2.7.1;
			};
		};
		DA8FEA28266753CD00BFED0B /* XCRemoteSwiftPackageReference "SwinjectAutoregistration" */ = {
			isa = XCRemoteSwiftPackageReference;
			repositoryURL = "https://github.com/Swinject/SwinjectAutoregistration.git";
			requirement = {
				kind = upToNextMajorVersion;
				minimumVersion = 2.7.0;
			};
		};
		DA8FEA2B266753E200BFED0B /* XCRemoteSwiftPackageReference "KeychainAccess" */ = {
			isa = XCRemoteSwiftPackageReference;
			repositoryURL = "https://github.com/kishikawakatsumi/KeychainAccess.git";
			requirement = {
				kind = upToNextMajorVersion;
				minimumVersion = 4.2.2;
			};
		};
/* End XCRemoteSwiftPackageReference section */

/* Begin XCSwiftPackageProductDependency section */
		DA8FEA212667539100BFED0B /* Moya */ = {
			isa = XCSwiftPackageProductDependency;
			package = DA8FEA202667539100BFED0B /* XCRemoteSwiftPackageReference "Moya" */;
			productName = Moya;
		};
		DA8FEA232667539100BFED0B /* CombineMoya */ = {
			isa = XCSwiftPackageProductDependency;
			package = DA8FEA202667539100BFED0B /* XCRemoteSwiftPackageReference "Moya" */;
			productName = CombineMoya;
		};
		DA8FEA26266753B500BFED0B /* Swinject */ = {
			isa = XCSwiftPackageProductDependency;
			package = DA8FEA25266753B500BFED0B /* XCRemoteSwiftPackageReference "Swinject" */;
			productName = Swinject;
		};
		DA8FEA29266753CD00BFED0B /* SwinjectAutoregistration */ = {
			isa = XCSwiftPackageProductDependency;
			package = DA8FEA28266753CD00BFED0B /* XCRemoteSwiftPackageReference "SwinjectAutoregistration" */;
			productName = SwinjectAutoregistration;
		};
		DA8FEA2C266753E200BFED0B /* KeychainAccess */ = {
			isa = XCSwiftPackageProductDependency;
			package = DA8FEA2B266753E200BFED0B /* XCRemoteSwiftPackageReference "KeychainAccess" */;
			productName = KeychainAccess;
		};
/* End XCSwiftPackageProductDependency section */
	};
	rootObject = DA7F9EA22667330B001E1B22 /* Project object */;
}
